
Microsoft Visual Studio Solution File, Format Version 12.00
# Visual Studio Version 17
VisualStudioVersion = 17.0.32126.317
MinimumVisualStudioVersion = 10.0.40219.1
Project("{FAE04EC0-301F-11D3-BF4B-00C04F79EFBC}") = "Konech_Avtomati", "Konech_Avtomati\Konech_Avtomati.csproj", "{7C3D48F1-0500-415B-B0F5-0C58BA2B84D1}"
EndProject
Global
	GlobalSection(SolutionConfigurationPlatforms) = preSolution
		Debug|Any CPU = Debug|Any CPU
		Release|Any CPU = Release|Any CPU
	EndGlobalSection
	GlobalSection(ProjectConfigurationPlatforms) = postSolution
		{7C3D48F1-0500-415B-B0F5-0C58BA2B84D1}.Debug|Any CPU.ActiveCfg = Debug|Any CPU
		{7C3D48F1-0500-415B-B0F5-0C58BA2B84D1}.Debug|Any CPU.Build.0 = Debug|Any CPU
		{7C3D48F1-0500-415B-B0F5-0C58BA2B84D1}.Release|Any CPU.ActiveCfg = Release|Any CPU
		{7C3D48F1-0500-415B-B0F5-0C58BA2B84D1}.Release|Any CPU.Build.0 = Release|Any CPU
	EndGlobalSection
	GlobalSection(SolutionProperties) = preSolution
		HideSolutionNode = FALSE
	EndGlobalSection
	GlobalSection(ExtensibilityGlobals) = postSolution
		SolutionGuid = {079EB9B0-D597-4F1C-B545-D1E4E1390E8C}
	EndGlobalSection
EndGlobal
