
Microsoft Visual Studio Solution File, Format Version 12.00
# Visual Studio Version 17
VisualStudioVersion = 17.0.32126.317
MinimumVisualStudioVersion = 10.0.40219.1
Project("{FAE04EC0-301F-11D3-BF4B-00C04F79EFBC}") = "UIR.2.0", "UIR.2.0\UIR.2.0.csproj", "{B4C82828-19B8-4CEB-81D8-0B3F21F1D915}"
EndProject
Global
	GlobalSection(SolutionConfigurationPlatforms) = preSolution
		Debug|Any CPU = Debug|Any CPU
		Release|Any CPU = Release|Any CPU
	EndGlobalSection
	GlobalSection(ProjectConfigurationPlatforms) = postSolution
		{B4C82828-19B8-4CEB-81D8-0B3F21F1D915}.Debug|Any CPU.ActiveCfg = Debug|Any CPU
		{B4C82828-19B8-4CEB-81D8-0B3F21F1D915}.Debug|Any CPU.Build.0 = Debug|Any CPU
		{B4C82828-19B8-4CEB-81D8-0B3F21F1D915}.Release|Any CPU.ActiveCfg = Release|Any CPU
		{B4C82828-19B8-4CEB-81D8-0B3F21F1D915}.Release|Any CPU.Build.0 = Release|Any CPU
	EndGlobalSection
	GlobalSection(SolutionProperties) = preSolution
		HideSolutionNode = FALSE
	EndGlobalSection
	GlobalSection(ExtensibilityGlobals) = postSolution
		SolutionGuid = {7420DB82-0976-45CC-916A-A9979995CD18}
	EndGlobalSection
EndGlobal
